# THIS IS AN AUTOGENERATED FILE. DO NOT EDIT THIS FILE DIRECTLY.
# yarn lockfile v1


jose@^3.14:
  version "3.20.3"
  resolved "https://registry.yarnpkg.com/jose/-/jose-3.20.3.tgz#a074f684b07e49b35c075d97561883e3c637abf2"
  integrity sha512-Z4a5Nl4pmGivdSgaq+a5EbNjrvSO4vtBTmVy5C3HNxWfJ92aG8DTNZrQywowxyOlSqdX/BmCPAy/ieElXDM3pw==

messagebird@^3.7.1:
  version "3.7.1"
  resolved "https://registry.yarnpkg.com/messagebird/-/messagebird-3.7.1.tgz#32655de0ad64adaff2c1715211763231aabb4c10"
  integrity sha512-FavWVCiePSZDi7bPPndbwEdFLr/PPPmMPgeAdjYe2Mw1zHlNut4BzxVZiIljp90/ZqAs0kzpnITMqXAhM7fp6w==
  dependencies:
    jose "^3.14"
    safe-buffer "^5.2.1"
    scmp "^2.1.0"

safe-buffer@^5.2.1:
  version "5.2.1"
  resolved "https://registry.yarnpkg.com/safe-buffer/-/safe-buffer-5.2.1.tgz#1eaf9fa9bdb1fdd4ec75f58f9cdb4e6b7827eec6"
  integrity sha512-rp3So07KcdmmKbGvgaNxQSJr7bGVSVk5S9Eq1F+ppbRo70+YeaDxkw5Dd8NPN+GD6bjnYm2VuPuCXmpuYvmCXQ==

scmp@^2.1.0:
  version "2.1.0"
  resolved "https://registry.yarnpkg.com/scmp/-/scmp-2.1.0.tgz#37b8e197c425bdeb570ab91cc356b311a11f9c9a"
  integrity sha512-o/mRQGk9Rcer/jEEw/yw4mwo3EU/NvYvp577/Btqrym9Qy5/MdWGBqipbALgd2lrdWTJ5/gqDusxfnQBxOxT2Q==
